
Microsoft Visual Studio Solution File, Format Version 12.00
# Visual Studio 2013
VisualStudioVersion = 12.0.21005.1
MinimumVisualStudioVersion = 10.0.40219.1
Project("{FAE04EC0-301F-11D3-BF4B-00C04F79EFBC}") = "Restival.ApiTests", "Restival.ApiTests\Restival.ApiTests.csproj", "{8DCA5E67-B5A4-49AC-BA42-37DB64EB16BA}"
EndProject
Project("{FAE04EC0-301F-11D3-BF4B-00C04F79EFBC}") = "Restival.Api.WebApi", "Restival.Api.WebApi\Restival.Api.WebApi.csproj", "{39D431D8-ECB4-448E-BC9B-E2BE855677CD}"
EndProject
Project("{FAE04EC0-301F-11D3-BF4B-00C04F79EFBC}") = "Restival.Api.Common", "Restival.Api.Common\Restival.Api.Common.csproj", "{CCD4207F-593D-4BE4-85B1-E6281D30E64A}"
EndProject
Project("{FAE04EC0-301F-11D3-BF4B-00C04F79EFBC}") = "Restival.Api.OpenRasta", "Restival.Api.OpenRasta\Restival.Api.OpenRasta.csproj", "{6AF997C7-4637-4D60-A4F6-DBA22F219E74}"
EndProject
Project("{2150E333-8FDC-42A3-9474-1A3956D46DE8}") = "Shared", "Shared", "{6D92E1EB-FDE9-49C8-8DB2-0F2405A924B2}"
EndProject
Project("{FAE04EC0-301F-11D3-BF4B-00C04F79EFBC}") = "Restival.Api.Nancy", "Restival.Api.Nancy\Restival.Api.Nancy.csproj", "{887A8565-4A10-44C8-82EF-F2F2D1D2BFBF}"
EndProject
Project("{FAE04EC0-301F-11D3-BF4B-00C04F79EFBC}") = "Restival.Api.ServiceStack", "Restival.Api.ServiceStack\Restival.Api.ServiceStack.csproj", "{DE6FBAC5-CA43-499F-8A80-7E61E4BD28DA}"
EndProject
Project("{2150E333-8FDC-42A3-9474-1A3956D46DE8}") = ".nuget", ".nuget", "{C8907D09-60FD-4331-A476-6D1D9A086E75}"
	ProjectSection(SolutionItems) = preProject
		.nuget\NuGet.Config = .nuget\NuGet.Config
		.nuget\NuGet.exe = .nuget\NuGet.exe
		.nuget\NuGet.targets = .nuget\NuGet.targets
	EndProjectSection
EndProject
Project("{FAE04EC0-301F-11D3-BF4B-00C04F79EFBC}") = "Restival.Website", "Restival.Website\Restival.Website.csproj", "{487613A2-0030-4B5A-B310-C919C6FDB6E2}"
EndProject
Project("{FAE04EC0-301F-11D3-BF4B-00C04F79EFBC}") = "Restival.Data", "Restival.Data\Restival.Data.csproj", "{D15B3023-0035-4239-B1D4-672D3D514AC0}"
EndProject
Global
	GlobalSection(SolutionConfigurationPlatforms) = preSolution
		Debug|Any CPU = Debug|Any CPU
		Release|Any CPU = Release|Any CPU
	EndGlobalSection
	GlobalSection(ProjectConfigurationPlatforms) = postSolution
		{8DCA5E67-B5A4-49AC-BA42-37DB64EB16BA}.Debug|Any CPU.ActiveCfg = Debug|Any CPU
		{8DCA5E67-B5A4-49AC-BA42-37DB64EB16BA}.Debug|Any CPU.Build.0 = Debug|Any CPU
		{8DCA5E67-B5A4-49AC-BA42-37DB64EB16BA}.Release|Any CPU.ActiveCfg = Release|Any CPU
		{8DCA5E67-B5A4-49AC-BA42-37DB64EB16BA}.Release|Any CPU.Build.0 = Release|Any CPU
		{39D431D8-ECB4-448E-BC9B-E2BE855677CD}.Debug|Any CPU.ActiveCfg = Debug|Any CPU
		{39D431D8-ECB4-448E-BC9B-E2BE855677CD}.Debug|Any CPU.Build.0 = Debug|Any CPU
		{39D431D8-ECB4-448E-BC9B-E2BE855677CD}.Release|Any CPU.ActiveCfg = Release|Any CPU
		{39D431D8-ECB4-448E-BC9B-E2BE855677CD}.Release|Any CPU.Build.0 = Release|Any CPU
		{CCD4207F-593D-4BE4-85B1-E6281D30E64A}.Debug|Any CPU.ActiveCfg = Debug|Any CPU
		{CCD4207F-593D-4BE4-85B1-E6281D30E64A}.Debug|Any CPU.Build.0 = Debug|Any CPU
		{CCD4207F-593D-4BE4-85B1-E6281D30E64A}.Release|Any CPU.ActiveCfg = Release|Any CPU
		{CCD4207F-593D-4BE4-85B1-E6281D30E64A}.Release|Any CPU.Build.0 = Release|Any CPU
		{6AF997C7-4637-4D60-A4F6-DBA22F219E74}.Debug|Any CPU.ActiveCfg = Debug|Any CPU
		{6AF997C7-4637-4D60-A4F6-DBA22F219E74}.Debug|Any CPU.Build.0 = Debug|Any CPU
		{6AF997C7-4637-4D60-A4F6-DBA22F219E74}.Release|Any CPU.ActiveCfg = Release|Any CPU
		{6AF997C7-4637-4D60-A4F6-DBA22F219E74}.Release|Any CPU.Build.0 = Release|Any CPU
		{887A8565-4A10-44C8-82EF-F2F2D1D2BFBF}.Debug|Any CPU.ActiveCfg = Debug|Any CPU
		{887A8565-4A10-44C8-82EF-F2F2D1D2BFBF}.Debug|Any CPU.Build.0 = Debug|Any CPU
		{887A8565-4A10-44C8-82EF-F2F2D1D2BFBF}.Release|Any CPU.ActiveCfg = Release|Any CPU
		{887A8565-4A10-44C8-82EF-F2F2D1D2BFBF}.Release|Any CPU.Build.0 = Release|Any CPU
		{DE6FBAC5-CA43-499F-8A80-7E61E4BD28DA}.Debug|Any CPU.ActiveCfg = Debug|Any CPU
		{DE6FBAC5-CA43-499F-8A80-7E61E4BD28DA}.Debug|Any CPU.Build.0 = Debug|Any CPU
		{DE6FBAC5-CA43-499F-8A80-7E61E4BD28DA}.Release|Any CPU.ActiveCfg = Release|Any CPU
		{DE6FBAC5-CA43-499F-8A80-7E61E4BD28DA}.Release|Any CPU.Build.0 = Release|Any CPU
		{487613A2-0030-4B5A-B310-C919C6FDB6E2}.Debug|Any CPU.ActiveCfg = Debug|Any CPU
		{487613A2-0030-4B5A-B310-C919C6FDB6E2}.Debug|Any CPU.Build.0 = Debug|Any CPU
		{487613A2-0030-4B5A-B310-C919C6FDB6E2}.Release|Any CPU.ActiveCfg = Release|Any CPU
		{487613A2-0030-4B5A-B310-C919C6FDB6E2}.Release|Any CPU.Build.0 = Release|Any CPU
		{D15B3023-0035-4239-B1D4-672D3D514AC0}.Debug|Any CPU.ActiveCfg = Debug|Any CPU
		{D15B3023-0035-4239-B1D4-672D3D514AC0}.Debug|Any CPU.Build.0 = Debug|Any CPU
		{D15B3023-0035-4239-B1D4-672D3D514AC0}.Release|Any CPU.ActiveCfg = Release|Any CPU
		{D15B3023-0035-4239-B1D4-672D3D514AC0}.Release|Any CPU.Build.0 = Release|Any CPU
	EndGlobalSection
	GlobalSection(SolutionProperties) = preSolution
		HideSolutionNode = FALSE
	EndGlobalSection
	GlobalSection(NestedProjects) = preSolution
		{CCD4207F-593D-4BE4-85B1-E6281D30E64A} = {6D92E1EB-FDE9-49C8-8DB2-0F2405A924B2}
		{8DCA5E67-B5A4-49AC-BA42-37DB64EB16BA} = {6D92E1EB-FDE9-49C8-8DB2-0F2405A924B2}
		{D15B3023-0035-4239-B1D4-672D3D514AC0} = {6D92E1EB-FDE9-49C8-8DB2-0F2405A924B2}
	EndGlobalSection
EndGlobal
